{
  "name": "@coveo/quantic",
  "version": "0.1.0-alpha.14",
  "lockfileVersion": 1,
  "requires": true,
  "dependencies": {
    "@coveo/atomic": {
      "version": "0.1.0-alpha.8",
      "resolved": "https://registry.npmjs.org/@coveo/atomic/-/atomic-0.1.0-alpha.8.tgz",
      "integrity": "sha512-iVXoWvrECkGUbUFphzhIgW+Bv+tnILePY3eBqzzigk+HeWKnxiWBJdhrzvlgTM7WQ9z1RY4S+ZUwsV8M9jVQvA==",
      "requires": {
        "@coveo/bueno": "^0.1.0-alpha.5",
        "@coveo/headless": "^0.1.0-alpha.8",
        "mustache": "^4.0.1"
      }
    },
    "@coveo/bueno": {
      "version": "0.1.0-alpha.5",
      "resolved": "https://registry.npmjs.org/@coveo/bueno/-/bueno-0.1.0-alpha.5.tgz",
      "integrity": "sha512-IcxxEkna1QcMidnADVspgRzXE68vyoJu/dLiA0gs6/yFlmpGtT7RPLuGX56pc1pusceCwQkWKDKCdLRLzWm03w=="
    },
    "@coveo/headless": {
      "version": "0.1.0-alpha.8",
      "resolved": "https://registry.npmjs.org/@coveo/headless/-/headless-0.1.0-alpha.8.tgz",
      "integrity": "sha512-KbV0nHTX1tt3UL894EHr92/CI9solvlg2vCJeRlhThyzcc9G3ecLzCR4fbBGlouGD8QH4EBNn3IyTXWSFgceAA==",
      "requires": {
        "@coveo/bueno": "^0.1.0-alpha.5",
        "@reduxjs/toolkit": "^1.4.0",
        "@types/redux-mock-store": "^1.0.2",
        "coveo.analytics": "^2.8.0",
        "cross-fetch": "^3.0.4",
        "exponential-backoff": "^3.1.0",
        "redux": "^4.0.5",
        "redux-mock-store": "^1.5.4",
        "redux-thunk": "^2.3.0",
        "ts-debounce": "^2.0.1"
      }
    },
    "@reduxjs/toolkit": {
      "version": "1.4.0",
      "resolved": "https://registry.npmjs.org/@reduxjs/toolkit/-/toolkit-1.4.0.tgz",
      "integrity": "sha512-hkxQwVx4BNVRsYdxjNF6cAseRmtrkpSlcgJRr3kLUcHPIAMZAmMJkXmHh/eUEGTMqPzsYpJLM7NN2w9fxQDuGw==",
      "requires": {
        "immer": "^7.0.3",
        "redux": "^4.0.0",
        "redux-thunk": "^2.3.0",
        "reselect": "^4.0.0"
      }
    },
    "@types/redux-mock-store": {
      "version": "1.0.2",
      "resolved": "https://registry.npmjs.org/@types/redux-mock-store/-/redux-mock-store-1.0.2.tgz",
      "integrity": "sha512-6LBtAQBN34i7SI5X+Qs4zpTEZO1tTDZ6sZ9fzFjYwTl3nLQXaBtwYdoV44CzNnyKu438xJ1lSIYyw0YMvunESw==",
      "requires": {
        "redux": "^4.0.5"
      }
    },
    "coveo.analytics": {
      "version": "2.9.0",
      "resolved": "https://registry.npmjs.org/coveo.analytics/-/coveo.analytics-2.9.0.tgz",
      "integrity": "sha512-qT7zYAKNCEeCNhO90OhHzzIFYWY4SlO3j0VB9j7pJv2rtoilo/Cf1Lp90qXUla9kBvGhSF1y2HndwPaAiaAzsA=="
    },
    "cross-fetch": {
      "version": "3.0.6",
      "resolved": "https://registry.npmjs.org/cross-fetch/-/cross-fetch-3.0.6.tgz",
      "integrity": "sha512-KBPUbqgFjzWlVcURG+Svp9TlhA5uliYtiNx/0r8nv0pdypeQCRJ9IaSIc3q/x3q8t3F75cHuwxVql1HFGHCNJQ==",
      "requires": {
        "node-fetch": "2.6.1"
      }
    },
    "exponential-backoff": {
      "version": "3.1.0",
      "resolved": "https://registry.npmjs.org/exponential-backoff/-/exponential-backoff-3.1.0.tgz",
      "integrity": "sha512-oBuz5SYz5zzyuHINoe9ooePwSu0xApKWgeNzok4hZ5YKXFh9zrQBEM15CXqoZkJJPuI2ArvqjPQd8UKJA753XA=="
    },
    "immer": {
      "version": "7.0.9",
      "resolved": "https://registry.npmjs.org/immer/-/immer-7.0.9.tgz",
      "integrity": "sha512-Vs/gxoM4DqNAYR7pugIxi0Xc8XAun/uy7AQu4fLLqaTBHxjOP9pJ266Q9MWA/ly4z6rAFZbvViOtihxUZ7O28A=="
    },
    "js-tokens": {
      "version": "4.0.0",
      "resolved": "https://registry.npmjs.org/js-tokens/-/js-tokens-4.0.0.tgz",
      "integrity": "sha512-RdJUflcE3cUzKiMqQgsCu06FPu9UdIJO0beYbPhHN4k6apgJtifcoCtT9bcxOpYBtpD2kCM6Sbzg4CausW/PKQ=="
    },
    "lodash.isplainobject": {
      "version": "4.0.6",
      "resolved": "https://registry.npmjs.org/lodash.isplainobject/-/lodash.isplainobject-4.0.6.tgz",
      "integrity": "sha1-fFJqUtibRcRcxpC4gWO+BJf1UMs="
    },
    "loose-envify": {
      "version": "1.4.0",
      "resolved": "https://registry.npmjs.org/loose-envify/-/loose-envify-1.4.0.tgz",
      "integrity": "sha512-lyuxPGr/Wfhrlem2CL/UcnUc1zcqKAImBDzukY7Y5F/yQiNdko6+fRLevlw1HgMySw7f611UIY408EtxRSoK3Q==",
      "requires": {
        "js-tokens": "^3.0.0 || ^4.0.0"
      }
    },
    "mustache": {
      "version": "4.0.1",
      "resolved": "https://registry.npmjs.org/mustache/-/mustache-4.0.1.tgz",
      "integrity": "sha512-yL5VE97+OXn4+Er3THSmTdCFCtx5hHWzrolvH+JObZnUYwuaG7XV+Ch4fR2cIrcYI0tFHxS7iyFYl14bW8y2sA=="
    },
    "ncp": {
      "version": "2.0.0",
      "resolved": "https://registry.npmjs.org/ncp/-/ncp-2.0.0.tgz",
      "integrity": "sha1-GVoh1sRuNh0vsSgbo4uR6d9727M=",
      "dev": true
    },
    "node-fetch": {
      "version": "2.6.1",
      "resolved": "https://registry.npmjs.org/node-fetch/-/node-fetch-2.6.1.tgz",
      "integrity": "sha512-V4aYg89jEoVRxRb2fJdAg8FHvI7cEyYdVAh94HH0UIK8oJxUfkjlDQN9RbMx+bEjP7+ggMiFRprSti032Oipxw=="
    },
    "redux": {
      "version": "4.0.5",
      "resolved": "https://registry.npmjs.org/redux/-/redux-4.0.5.tgz",
      "integrity": "sha512-VSz1uMAH24DM6MF72vcojpYPtrTUu3ByVWfPL1nPfVRb5mZVTve5GnNCUV53QM/BZ66xfWrm0CTWoM+Xlz8V1w==",
      "requires": {
        "loose-envify": "^1.4.0",
        "symbol-observable": "^1.2.0"
      }
    },
    "redux-mock-store": {
      "version": "1.5.4",
      "resolved": "https://registry.npmjs.org/redux-mock-store/-/redux-mock-store-1.5.4.tgz",
      "integrity": "sha512-xmcA0O/tjCLXhh9Fuiq6pMrJCwFRaouA8436zcikdIpYWWCjU76CRk+i2bHx8EeiSiMGnB85/lZdU3wIJVXHTA==",
      "requires": {
        "lodash.isplainobject": "^4.0.6"
      }
    },
    "redux-thunk": {
      "version": "2.3.0",
      "resolved": "https://registry.npmjs.org/redux-thunk/-/redux-thunk-2.3.0.tgz",
      "integrity": "sha512-km6dclyFnmcvxhAcrQV2AkZmPQjzPDjgVlQtR0EQjxZPyJ0BnMf3in1ryuR8A2qU0HldVRfxYXbFSKlI3N7Slw=="
    },
    "reselect": {
      "version": "4.0.0",
      "resolved": "https://registry.npmjs.org/reselect/-/reselect-4.0.0.tgz",
      "integrity": "sha512-qUgANli03jjAyGlnbYVAV5vvnOmJnODyABz51RdBN7M4WaVu8mecZWgyQNkG8Yqe3KRGRt0l4K4B3XVEULC4CA=="
    },
    "symbol-observable": {
      "version": "1.2.0",
      "resolved": "https://registry.npmjs.org/symbol-observable/-/symbol-observable-1.2.0.tgz",
      "integrity": "sha512-e900nM8RRtGhlV36KGEU9k65K3mPb1WV70OdjfxlG2EAuM1noi/E/BaW/uMhL7bPEssK8QV57vN3esixjUvcXQ=="
    },
    "tributejs": {
      "version": "5.1.3",
      "resolved": "https://registry.npmjs.org/tributejs/-/tributejs-5.1.3.tgz",
      "integrity": "sha512-B5CXihaVzXw+1UHhNFyAwUTMDk1EfoLP5Tj1VhD9yybZ1I8DZJEv8tZ1l0RJo0t0tk9ZhR8eG5tEsaCvRigmdQ=="
    },
    "ts-debounce": {
      "version": "2.0.1",
      "resolved": "https://registry.npmjs.org/ts-debounce/-/ts-debounce-2.0.1.tgz",
      "integrity": "sha512-+TztZrH7GnAD5CKxUohIAqIVHLrtivsYT7tZCLeRTCaBMSsfgYwprhA00kB/m0ezvYheOXJQqPfarAvgoayb7A=="
    }
  }
}
